
Microsoft Visual Studio Solution File, Format Version 12.00
# Visual Studio 15
VisualStudioVersion = 15.0.27130.2024
MinimumVisualStudioVersion = 10.0.40219.1
Project("{FAE04EC0-301F-11D3-BF4B-00C04F79EFBC}") = "Agenda", "Agenda\Agenda.csproj", "{498A2518-DD4C-445F-8CEC-0EF1D6A9BC01}"
EndProject
Global
	GlobalSection(SolutionConfigurationPlatforms) = preSolution
		Debug|Any CPU = Debug|Any CPU
		Release|Any CPU = Release|Any CPU
	EndGlobalSection
	GlobalSection(ProjectConfigurationPlatforms) = postSolution
		{498A2518-DD4C-445F-8CEC-0EF1D6A9BC01}.Debug|Any CPU.ActiveCfg = Debug|Any CPU
		{498A2518-DD4C-445F-8CEC-0EF1D6A9BC01}.Debug|Any CPU.Build.0 = Debug|Any CPU
		{498A2518-DD4C-445F-8CEC-0EF1D6A9BC01}.Release|Any CPU.ActiveCfg = Release|Any CPU
		{498A2518-DD4C-445F-8CEC-0EF1D6A9BC01}.Release|Any CPU.Build.0 = Release|Any CPU
	EndGlobalSection
	GlobalSection(SolutionProperties) = preSolution
		HideSolutionNode = FALSE
	EndGlobalSection
	GlobalSection(ExtensibilityGlobals) = postSolution
		SolutionGuid = {312F7E71-C49D-4656-8F54-AC3B31BBE280}
	EndGlobalSection
EndGlobal
